
Microsoft Visual Studio Solution File, Format Version 12.00
# Visual Studio Version 17
VisualStudioVersion = 17.10.35004.147
MinimumVisualStudioVersion = 10.0.40219.1
Project("{FAE04EC0-301F-11D3-BF4B-00C04F79EFBC}") = "assignment 1", "assignment 1\assignment 1.csproj", "{DC6BD582-3828-4973-9191-B6FA196BD8E4}"
EndProject
Global
	GlobalSection(SolutionConfigurationPlatforms) = preSolution
		Debug|Any CPU = Debug|Any CPU
		Release|Any CPU = Release|Any CPU
	EndGlobalSection
	GlobalSection(ProjectConfigurationPlatforms) = postSolution
		{DC6BD582-3828-4973-9191-B6FA196BD8E4}.Debug|Any CPU.ActiveCfg = Debug|Any CPU
		{DC6BD582-3828-4973-9191-B6FA196BD8E4}.Debug|Any CPU.Build.0 = Debug|Any CPU
		{DC6BD582-3828-4973-9191-B6FA196BD8E4}.Release|Any CPU.ActiveCfg = Release|Any CPU
		{DC6BD582-3828-4973-9191-B6FA196BD8E4}.Release|Any CPU.Build.0 = Release|Any CPU
	EndGlobalSection
	GlobalSection(SolutionProperties) = preSolution
		HideSolutionNode = FALSE
	EndGlobalSection
	GlobalSection(ExtensibilityGlobals) = postSolution
		SolutionGuid = {1BE6E621-1ACA-4665-855E-5E58BB4E5EC3}
	EndGlobalSection
EndGlobal
